
Microsoft Visual Studio Solution File, Format Version 12.00
# Visual Studio Version 17
VisualStudioVersion = 17.13.35919.96 d17.13
MinimumVisualStudioVersion = 10.0.40219.1
Project("{FAE04EC0-301F-11D3-BF4B-00C04F79EFBC}") = "dotnet_tack", "dotnet_tack.csproj", "{FF24807C-72FB-42FA-AF54-F4CB9A93E5B9}"
EndProject
Global
	GlobalSection(SolutionConfigurationPlatforms) = preSolution
		Debug|Any CPU = Debug|Any CPU
		Release|Any CPU = Release|Any CPU
	EndGlobalSection
	GlobalSection(ProjectConfigurationPlatforms) = postSolution
		{FF24807C-72FB-42FA-AF54-F4CB9A93E5B9}.Debug|Any CPU.ActiveCfg = Debug|Any CPU
		{FF24807C-72FB-42FA-AF54-F4CB9A93E5B9}.Debug|Any CPU.Build.0 = Debug|Any CPU
		{FF24807C-72FB-42FA-AF54-F4CB9A93E5B9}.Debug|Any CPU.Deploy.0 = Debug|Any CPU
		{FF24807C-72FB-42FA-AF54-F4CB9A93E5B9}.Release|Any CPU.ActiveCfg = Release|Any CPU
		{FF24807C-72FB-42FA-AF54-F4CB9A93E5B9}.Release|Any CPU.Build.0 = Release|Any CPU
		{FF24807C-72FB-42FA-AF54-F4CB9A93E5B9}.Release|Any CPU.Deploy.0 = Release|Any CPU
	EndGlobalSection
	GlobalSection(SolutionProperties) = preSolution
		HideSolutionNode = FALSE
	EndGlobalSection
	GlobalSection(ExtensibilityGlobals) = postSolution
		SolutionGuid = {3D774E4B-876F-4EEB-B30C-A1FEB573689C}
	EndGlobalSection
EndGlobal
